Microsoft Visual Studio Solution File, Format Version 12.00
# Visual Studio 15
Project("{8BC9CEB8-8B4A-11D0-8D11-00A0C91BC942}") = "ALL_BUILD", "ALL_BUILD.vcxproj", "{382F7066-913B-39C8-8EFD-14340B514B2D}"
	ProjectSection(ProjectDependencies) = postProject
		{9DE5166B-CCDA-3C02-A365-5C04950E5F99} = {9DE5166B-CCDA-3C02-A365-5C04950E5F99}
		{3D7921C4-30F1-37B7-A5B6-32269F0C20F3} = {3D7921C4-30F1-37B7-A5B6-32269F0C20F3}
		{13807CFE-7A27-3606-9F4E-65F71E6C9304} = {13807CFE-7A27-3606-9F4E-65F71E6C9304}
		{39ADDC1D-064B-343A-A661-46165E7F2936} = {39ADDC1D-064B-343A-A661-46165E7F2936}
		{CAB7A696-2480-3DC4-9BB3-E8BC77EA8353} = {CAB7A696-2480-3DC4-9BB3-E8BC77EA8353}
		{480DEE86-BB0F-3BEF-8F4F-0AF7C580385A} = {480DEE86-BB0F-3BEF-8F4F-0AF7C580385A}
		{EC218F59-BB48-3439-AB65-92380B1843CB} = {EC218F59-BB48-3439-AB65-92380B1843CB}
		{AF02E951-7036-34CB-BAD5-80B5F4754E7B} = {AF02E951-7036-34CB-BAD5-80B5F4754E7B}
		{1B0F727F-86E8-3F51-A6EB-FCCD234455CD} = {1B0F727F-86E8-3F51-A6EB-FCCD234455CD}
		{33EB5A65-31BD-3F1E-A7E3-9BADC845D4FA} = {33EB5A65-31BD-3F1E-A7E3-9BADC845D4FA}
		{A50115C0-3116-3706-B163-6D9836AD40C7} = {A50115C0-3116-3706-B163-6D9836AD40C7}
		{D1F6411D-A253-3900-963E-4986841CD879} = {D1F6411D-A253-3900-963E-4986841CD879}
		{8D22DB5A-9A4E-3996-ABF0-C2707CC85F03} = {8D22DB5A-9A4E-3996-ABF0-C2707CC85F03}
		{A481A4CD-D05D-3726-84AA-AD6F31AAF9B7} = {A481A4CD-D05D-3726-84AA-AD6F31AAF9B7}
	EndProjectSection
EndProject
Project("{8BC9CEB8-8B4A-11D0-8D11-00A0C91BC942}") = "INSTALL", "INSTALL.vcxproj", "{10FFB414-9813-3477-AC65-A3D4ED7C79E2}"
	ProjectSection(ProjectDependencies) = postProject
		{382F7066-913B-39C8-8EFD-14340B514B2D} = {382F7066-913B-39C8-8EFD-14340B514B2D}
		{9DE5166B-CCDA-3C02-A365-5C04950E5F99} = {9DE5166B-CCDA-3C02-A365-5C04950E5F99}
	EndProjectSection
EndProject
Project("{8BC9CEB8-8B4A-11D0-8D11-00A0C91BC942}") = "ZERO_CHECK", "ZERO_CHECK.vcxproj", "{9DE5166B-CCDA-3C02-A365-5C04950E5F99}"
	ProjectSection(ProjectDependencies) = postProject
	EndProjectSection
EndProject
Project("{8BC9CEB8-8B4A-11D0-8D11-00A0C91BC942}") = "common", "common\common.vcxproj", "{3D7921C4-30F1-37B7-A5B6-32269F0C20F3}"
	ProjectSection(ProjectDependencies) = postProject
		{9DE5166B-CCDA-3C02-A365-5C04950E5F99} = {9DE5166B-CCDA-3C02-A365-5C04950E5F99}
	EndProjectSection
EndProject
Project("{8BC9CEB8-8B4A-11D0-8D11-00A0C91BC942}") = "cppunit", "tests\cppunit\cppunit.vcxproj", "{13807CFE-7A27-3606-9F4E-65F71E6C9304}"
	ProjectSection(ProjectDependencies) = postProject
		{9DE5166B-CCDA-3C02-A365-5C04950E5F99} = {9DE5166B-CCDA-3C02-A365-5C04950E5F99}
	EndProjectSection
EndProject
Project("{8BC9CEB8-8B4A-11D0-8D11-00A0C91BC942}") = "eqlaunch", "eqlaunch\eqlaunch.vcxproj", "{39ADDC1D-064B-343A-A661-46165E7F2936}"
	ProjectSection(ProjectDependencies) = postProject
		{9DE5166B-CCDA-3C02-A365-5C04950E5F99} = {9DE5166B-CCDA-3C02-A365-5C04950E5F99}
		{3D7921C4-30F1-37B7-A5B6-32269F0C20F3} = {3D7921C4-30F1-37B7-A5B6-32269F0C20F3}
	EndProjectSection
EndProject
Project("{8BC9CEB8-8B4A-11D0-8D11-00A0C91BC942}") = "export_client_files", "client_files\export\export_client_files.vcxproj", "{CAB7A696-2480-3DC4-9BB3-E8BC77EA8353}"
	ProjectSection(ProjectDependencies) = postProject
		{9DE5166B-CCDA-3C02-A365-5C04950E5F99} = {9DE5166B-CCDA-3C02-A365-5C04950E5F99}
		{3D7921C4-30F1-37B7-A5B6-32269F0C20F3} = {3D7921C4-30F1-37B7-A5B6-32269F0C20F3}
	EndProjectSection
EndProject
Project("{8BC9CEB8-8B4A-11D0-8D11-00A0C91BC942}") = "import_client_files", "client_files\import\import_client_files.vcxproj", "{480DEE86-BB0F-3BEF-8F4F-0AF7C580385A}"
	ProjectSection(ProjectDependencies) = postProject
		{9DE5166B-CCDA-3C02-A365-5C04950E5F99} = {9DE5166B-CCDA-3C02-A365-5C04950E5F99}
		{3D7921C4-30F1-37B7-A5B6-32269F0C20F3} = {3D7921C4-30F1-37B7-A5B6-32269F0C20F3}
	EndProjectSection
EndProject
Project("{8BC9CEB8-8B4A-11D0-8D11-00A0C91BC942}") = "loginserver", "loginserver\loginserver.vcxproj", "{EC218F59-BB48-3439-AB65-92380B1843CB}"
	ProjectSection(ProjectDependencies) = postProject
		{9DE5166B-CCDA-3C02-A365-5C04950E5F99} = {9DE5166B-CCDA-3C02-A365-5C04950E5F99}
		{3D7921C4-30F1-37B7-A5B6-32269F0C20F3} = {3D7921C4-30F1-37B7-A5B6-32269F0C20F3}
	EndProjectSection
EndProject
Project("{8BC9CEB8-8B4A-11D0-8D11-00A0C91BC942}") = "luabind", "luabind\luabind.vcxproj", "{AF02E951-7036-34CB-BAD5-80B5F4754E7B}"
	ProjectSection(ProjectDependencies) = postProject
		{9DE5166B-CCDA-3C02-A365-5C04950E5F99} = {9DE5166B-CCDA-3C02-A365-5C04950E5F99}
	EndProjectSection
EndProject
Project("{8BC9CEB8-8B4A-11D0-8D11-00A0C91BC942}") = "queryserv", "queryserv\queryserv.vcxproj", "{1B0F727F-86E8-3F51-A6EB-FCCD234455CD}"
	ProjectSection(ProjectDependencies) = postProject
		{9DE5166B-CCDA-3C02-A365-5C04950E5F99} = {9DE5166B-CCDA-3C02-A365-5C04950E5F99}
		{3D7921C4-30F1-37B7-A5B6-32269F0C20F3} = {3D7921C4-30F1-37B7-A5B6-32269F0C20F3}
	EndProjectSection
EndProject
Project("{8BC9CEB8-8B4A-11D0-8D11-00A0C91BC942}") = "shared_memory", "shared_memory\shared_memory.vcxproj", "{33EB5A65-31BD-3F1E-A7E3-9BADC845D4FA}"
	ProjectSection(ProjectDependencies) = postProject
		{9DE5166B-CCDA-3C02-A365-5C04950E5F99} = {9DE5166B-CCDA-3C02-A365-5C04950E5F99}
		{3D7921C4-30F1-37B7-A5B6-32269F0C20F3} = {3D7921C4-30F1-37B7-A5B6-32269F0C20F3}
	EndProjectSection
EndProject
Project("{8BC9CEB8-8B4A-11D0-8D11-00A0C91BC942}") = "tests", "tests\tests.vcxproj", "{A50115C0-3116-3706-B163-6D9836AD40C7}"
	ProjectSection(ProjectDependencies) = postProject
		{9DE5166B-CCDA-3C02-A365-5C04950E5F99} = {9DE5166B-CCDA-3C02-A365-5C04950E5F99}
		{3D7921C4-30F1-37B7-A5B6-32269F0C20F3} = {3D7921C4-30F1-37B7-A5B6-32269F0C20F3}
		{13807CFE-7A27-3606-9F4E-65F71E6C9304} = {13807CFE-7A27-3606-9F4E-65F71E6C9304}
	EndProjectSection
EndProject
Project("{8BC9CEB8-8B4A-11D0-8D11-00A0C91BC942}") = "ucs", "ucs\ucs.vcxproj", "{D1F6411D-A253-3900-963E-4986841CD879}"
	ProjectSection(ProjectDependencies) = postProject
		{9DE5166B-CCDA-3C02-A365-5C04950E5F99} = {9DE5166B-CCDA-3C02-A365-5C04950E5F99}
		{3D7921C4-30F1-37B7-A5B6-32269F0C20F3} = {3D7921C4-30F1-37B7-A5B6-32269F0C20F3}
	EndProjectSection
EndProject
Project("{8BC9CEB8-8B4A-11D0-8D11-00A0C91BC942}") = "world", "world\world.vcxproj", "{8D22DB5A-9A4E-3996-ABF0-C2707CC85F03}"
	ProjectSection(ProjectDependencies) = postProject
		{9DE5166B-CCDA-3C02-A365-5C04950E5F99} = {9DE5166B-CCDA-3C02-A365-5C04950E5F99}
		{3D7921C4-30F1-37B7-A5B6-32269F0C20F3} = {3D7921C4-30F1-37B7-A5B6-32269F0C20F3}
	EndProjectSection
EndProject
Project("{8BC9CEB8-8B4A-11D0-8D11-00A0C91BC942}") = "zone", "zone\zone.vcxproj", "{A481A4CD-D05D-3726-84AA-AD6F31AAF9B7}"
	ProjectSection(ProjectDependencies) = postProject
		{9DE5166B-CCDA-3C02-A365-5C04950E5F99} = {9DE5166B-CCDA-3C02-A365-5C04950E5F99}
		{3D7921C4-30F1-37B7-A5B6-32269F0C20F3} = {3D7921C4-30F1-37B7-A5B6-32269F0C20F3}
		{AF02E951-7036-34CB-BAD5-80B5F4754E7B} = {AF02E951-7036-34CB-BAD5-80B5F4754E7B}
	EndProjectSection
EndProject
Global
	GlobalSection(SolutionConfigurationPlatforms) = preSolution
		Debug|x64 = Debug|x64
		Release|x64 = Release|x64
		MinSizeRel|x64 = MinSizeRel|x64
		RelWithDebInfo|x64 = RelWithDebInfo|x64
	EndGlobalSection
	GlobalSection(ProjectConfigurationPlatforms) = postSolution
		{382F7066-913B-39C8-8EFD-14340B514B2D}.Debug|x64.ActiveCfg = Debug|x64
		{382F7066-913B-39C8-8EFD-14340B514B2D}.Debug|x64.Build.0 = Debug|x64
		{382F7066-913B-39C8-8EFD-14340B514B2D}.Release|x64.ActiveCfg = Release|x64
		{382F7066-913B-39C8-8EFD-14340B514B2D}.Release|x64.Build.0 = Release|x64
		{382F7066-913B-39C8-8EFD-14340B514B2D}.MinSizeRel|x64.ActiveCfg = MinSizeRel|x64
		{382F7066-913B-39C8-8EFD-14340B514B2D}.MinSizeRel|x64.Build.0 = MinSizeRel|x64
		{382F7066-913B-39C8-8EFD-14340B514B2D}.RelWithDebInfo|x64.ActiveCfg = RelWithDebInfo|x64
		{382F7066-913B-39C8-8EFD-14340B514B2D}.RelWithDebInfo|x64.Build.0 = RelWithDebInfo|x64
		{10FFB414-9813-3477-AC65-A3D4ED7C79E2}.Debug|x64.ActiveCfg = Debug|x64
		{10FFB414-9813-3477-AC65-A3D4ED7C79E2}.Release|x64.ActiveCfg = Release|x64
		{10FFB414-9813-3477-AC65-A3D4ED7C79E2}.MinSizeRel|x64.ActiveCfg = MinSizeRel|x64
		{10FFB414-9813-3477-AC65-A3D4ED7C79E2}.RelWithDebInfo|x64.ActiveCfg = RelWithDebInfo|x64
		{9DE5166B-CCDA-3C02-A365-5C04950E5F99}.Debug|x64.ActiveCfg = Debug|x64
		{9DE5166B-CCDA-3C02-A365-5C04950E5F99}.Debug|x64.Build.0 = Debug|x64
		{9DE5166B-CCDA-3C02-A365-5C04950E5F99}.Release|x64.ActiveCfg = Release|x64
		{9DE5166B-CCDA-3C02-A365-5C04950E5F99}.Release|x64.Build.0 = Release|x64
		{9DE5166B-CCDA-3C02-A365-5C04950E5F99}.MinSizeRel|x64.ActiveCfg = MinSizeRel|x64
		{9DE5166B-CCDA-3C02-A365-5C04950E5F99}.MinSizeRel|x64.Build.0 = MinSizeRel|x64
		{9DE5166B-CCDA-3C02-A365-5C04950E5F99}.RelWithDebInfo|x64.ActiveCfg = RelWithDebInfo|x64
		{9DE5166B-CCDA-3C02-A365-5C04950E5F99}.RelWithDebInfo|x64.Build.0 = RelWithDebInfo|x64
		{3D7921C4-30F1-37B7-A5B6-32269F0C20F3}.Debug|x64.ActiveCfg = Debug|x64
		{3D7921C4-30F1-37B7-A5B6-32269F0C20F3}.Debug|x64.Build.0 = Debug|x64
		{3D7921C4-30F1-37B7-A5B6-32269F0C20F3}.Release|x64.ActiveCfg = Release|x64
		{3D7921C4-30F1-37B7-A5B6-32269F0C20F3}.Release|x64.Build.0 = Release|x64
		{3D7921C4-30F1-37B7-A5B6-32269F0C20F3}.MinSizeRel|x64.ActiveCfg = MinSizeRel|x64
		{3D7921C4-30F1-37B7-A5B6-32269F0C20F3}.MinSizeRel|x64.Build.0 = MinSizeRel|x64
		{3D7921C4-30F1-37B7-A5B6-32269F0C20F3}.RelWithDebInfo|x64.ActiveCfg = RelWithDebInfo|x64
		{3D7921C4-30F1-37B7-A5B6-32269F0C20F3}.RelWithDebInfo|x64.Build.0 = RelWithDebInfo|x64
		{13807CFE-7A27-3606-9F4E-65F71E6C9304}.Debug|x64.ActiveCfg = Debug|x64
		{13807CFE-7A27-3606-9F4E-65F71E6C9304}.Debug|x64.Build.0 = Debug|x64
		{13807CFE-7A27-3606-9F4E-65F71E6C9304}.Release|x64.ActiveCfg = Release|x64
		{13807CFE-7A27-3606-9F4E-65F71E6C9304}.Release|x64.Build.0 = Release|x64
		{13807CFE-7A27-3606-9F4E-65F71E6C9304}.MinSizeRel|x64.ActiveCfg = MinSizeRel|x64
		{13807CFE-7A27-3606-9F4E-65F71E6C9304}.MinSizeRel|x64.Build.0 = MinSizeRel|x64
		{13807CFE-7A27-3606-9F4E-65F71E6C9304}.RelWithDebInfo|x64.ActiveCfg = RelWithDebInfo|x64
		{13807CFE-7A27-3606-9F4E-65F71E6C9304}.RelWithDebInfo|x64.Build.0 = RelWithDebInfo|x64
		{39ADDC1D-064B-343A-A661-46165E7F2936}.Debug|x64.ActiveCfg = Debug|x64
		{39ADDC1D-064B-343A-A661-46165E7F2936}.Debug|x64.Build.0 = Debug|x64
		{39ADDC1D-064B-343A-A661-46165E7F2936}.Release|x64.ActiveCfg = Release|x64
		{39ADDC1D-064B-343A-A661-46165E7F2936}.Release|x64.Build.0 = Release|x64
		{39ADDC1D-064B-343A-A661-46165E7F2936}.MinSizeRel|x64.ActiveCfg = MinSizeRel|x64
		{39ADDC1D-064B-343A-A661-46165E7F2936}.MinSizeRel|x64.Build.0 = MinSizeRel|x64
		{39ADDC1D-064B-343A-A661-46165E7F2936}.RelWithDebInfo|x64.ActiveCfg = RelWithDebInfo|x64
		{39ADDC1D-064B-343A-A661-46165E7F2936}.RelWithDebInfo|x64.Build.0 = RelWithDebInfo|x64
		{CAB7A696-2480-3DC4-9BB3-E8BC77EA8353}.Debug|x64.ActiveCfg = Debug|x64
		{CAB7A696-2480-3DC4-9BB3-E8BC77EA8353}.Debug|x64.Build.0 = Debug|x64
		{CAB7A696-2480-3DC4-9BB3-E8BC77EA8353}.Release|x64.ActiveCfg = Release|x64
		{CAB7A696-2480-3DC4-9BB3-E8BC77EA8353}.Release|x64.Build.0 = Release|x64
		{CAB7A696-2480-3DC4-9BB3-E8BC77EA8353}.MinSizeRel|x64.ActiveCfg = MinSizeRel|x64
		{CAB7A696-2480-3DC4-9BB3-E8BC77EA8353}.MinSizeRel|x64.Build.0 = MinSizeRel|x64
		{CAB7A696-2480-3DC4-9BB3-E8BC77EA8353}.RelWithDebInfo|x64.ActiveCfg = RelWithDebInfo|x64
		{CAB7A696-2480-3DC4-9BB3-E8BC77EA8353}.RelWithDebInfo|x64.Build.0 = RelWithDebInfo|x64
		{480DEE86-BB0F-3BEF-8F4F-0AF7C580385A}.Debug|x64.ActiveCfg = Debug|x64
		{480DEE86-BB0F-3BEF-8F4F-0AF7C580385A}.Debug|x64.Build.0 = Debug|x64
		{480DEE86-BB0F-3BEF-8F4F-0AF7C580385A}.Release|x64.ActiveCfg = Release|x64
		{480DEE86-BB0F-3BEF-8F4F-0AF7C580385A}.Release|x64.Build.0 = Release|x64
		{480DEE86-BB0F-3BEF-8F4F-0AF7C580385A}.MinSizeRel|x64.ActiveCfg = MinSizeRel|x64
		{480DEE86-BB0F-3BEF-8F4F-0AF7C580385A}.MinSizeRel|x64.Build.0 = MinSizeRel|x64
		{480DEE86-BB0F-3BEF-8F4F-0AF7C580385A}.RelWithDebInfo|x64.ActiveCfg = RelWithDebInfo|x64
		{480DEE86-BB0F-3BEF-8F4F-0AF7C580385A}.RelWithDebInfo|x64.Build.0 = RelWithDebInfo|x64
		{EC218F59-BB48-3439-AB65-92380B1843CB}.Debug|x64.ActiveCfg = Debug|x64
		{EC218F59-BB48-3439-AB65-92380B1843CB}.Debug|x64.Build.0 = Debug|x64
		{EC218F59-BB48-3439-AB65-92380B1843CB}.Release|x64.ActiveCfg = Release|x64
		{EC218F59-BB48-3439-AB65-92380B1843CB}.Release|x64.Build.0 = Release|x64
		{EC218F59-BB48-3439-AB65-92380B1843CB}.MinSizeRel|x64.ActiveCfg = MinSizeRel|x64
		{EC218F59-BB48-3439-AB65-92380B1843CB}.MinSizeRel|x64.Build.0 = MinSizeRel|x64
		{EC218F59-BB48-3439-AB65-92380B1843CB}.RelWithDebInfo|x64.ActiveCfg = RelWithDebInfo|x64
		{EC218F59-BB48-3439-AB65-92380B1843CB}.RelWithDebInfo|x64.Build.0 = RelWithDebInfo|x64
		{AF02E951-7036-34CB-BAD5-80B5F4754E7B}.Debug|x64.ActiveCfg = Debug|x64
		{AF02E951-7036-34CB-BAD5-80B5F4754E7B}.Debug|x64.Build.0 = Debug|x64
		{AF02E951-7036-34CB-BAD5-80B5F4754E7B}.Release|x64.ActiveCfg = Release|x64
		{AF02E951-7036-34CB-BAD5-80B5F4754E7B}.Release|x64.Build.0 = Release|x64
		{AF02E951-7036-34CB-BAD5-80B5F4754E7B}.MinSizeRel|x64.ActiveCfg = MinSizeRel|x64
		{AF02E951-7036-34CB-BAD5-80B5F4754E7B}.MinSizeRel|x64.Build.0 = MinSizeRel|x64
		{AF02E951-7036-34CB-BAD5-80B5F4754E7B}.RelWithDebInfo|x64.ActiveCfg = RelWithDebInfo|x64
		{AF02E951-7036-34CB-BAD5-80B5F4754E7B}.RelWithDebInfo|x64.Build.0 = RelWithDebInfo|x64
		{1B0F727F-86E8-3F51-A6EB-FCCD234455CD}.Debug|x64.ActiveCfg = Debug|x64
		{1B0F727F-86E8-3F51-A6EB-FCCD234455CD}.Debug|x64.Build.0 = Debug|x64
		{1B0F727F-86E8-3F51-A6EB-FCCD234455CD}.Release|x64.ActiveCfg = Release|x64
		{1B0F727F-86E8-3F51-A6EB-FCCD234455CD}.Release|x64.Build.0 = Release|x64
		{1B0F727F-86E8-3F51-A6EB-FCCD234455CD}.MinSizeRel|x64.ActiveCfg = MinSizeRel|x64
		{1B0F727F-86E8-3F51-A6EB-FCCD234455CD}.MinSizeRel|x64.Build.0 = MinSizeRel|x64
		{1B0F727F-86E8-3F51-A6EB-FCCD234455CD}.RelWithDebInfo|x64.ActiveCfg = RelWithDebInfo|x64
		{1B0F727F-86E8-3F51-A6EB-FCCD234455CD}.RelWithDebInfo|x64.Build.0 = RelWithDebInfo|x64
		{33EB5A65-31BD-3F1E-A7E3-9BADC845D4FA}.Debug|x64.ActiveCfg = Debug|x64
		{33EB5A65-31BD-3F1E-A7E3-9BADC845D4FA}.Debug|x64.Build.0 = Debug|x64
		{33EB5A65-31BD-3F1E-A7E3-9BADC845D4FA}.Release|x64.ActiveCfg = Release|x64
		{33EB5A65-31BD-3F1E-A7E3-9BADC845D4FA}.Release|x64.Build.0 = Release|x64
		{33EB5A65-31BD-3F1E-A7E3-9BADC845D4FA}.MinSizeRel|x64.ActiveCfg = MinSizeRel|x64
		{33EB5A65-31BD-3F1E-A7E3-9BADC845D4FA}.MinSizeRel|x64.Build.0 = MinSizeRel|x64
		{33EB5A65-31BD-3F1E-A7E3-9BADC845D4FA}.RelWithDebInfo|x64.ActiveCfg = RelWithDebInfo|x64
		{33EB5A65-31BD-3F1E-A7E3-9BADC845D4FA}.RelWithDebInfo|x64.Build.0 = RelWithDebInfo|x64
		{A50115C0-3116-3706-B163-6D9836AD40C7}.Debug|x64.ActiveCfg = Debug|x64
		{A50115C0-3116-3706-B163-6D9836AD40C7}.Debug|x64.Build.0 = Debug|x64
		{A50115C0-3116-3706-B163-6D9836AD40C7}.Release|x64.ActiveCfg = Release|x64
		{A50115C0-3116-3706-B163-6D9836AD40C7}.Release|x64.Build.0 = Release|x64
		{A50115C0-3116-3706-B163-6D9836AD40C7}.MinSizeRel|x64.ActiveCfg = MinSizeRel|x64
		{A50115C0-3116-3706-B163-6D9836AD40C7}.MinSizeRel|x64.Build.0 = MinSizeRel|x64
		{A50115C0-3116-3706-B163-6D9836AD40C7}.RelWithDebInfo|x64.ActiveCfg = RelWithDebInfo|x64
		{A50115C0-3116-3706-B163-6D9836AD40C7}.RelWithDebInfo|x64.Build.0 = RelWithDebInfo|x64
		{D1F6411D-A253-3900-963E-4986841CD879}.Debug|x64.ActiveCfg = Debug|x64
		{D1F6411D-A253-3900-963E-4986841CD879}.Debug|x64.Build.0 = Debug|x64
		{D1F6411D-A253-3900-963E-4986841CD879}.Release|x64.ActiveCfg = Release|x64
		{D1F6411D-A253-3900-963E-4986841CD879}.Release|x64.Build.0 = Release|x64
		{D1F6411D-A253-3900-963E-4986841CD879}.MinSizeRel|x64.ActiveCfg = MinSizeRel|x64
		{D1F6411D-A253-3900-963E-4986841CD879}.MinSizeRel|x64.Build.0 = MinSizeRel|x64
		{D1F6411D-A253-3900-963E-4986841CD879}.RelWithDebInfo|x64.ActiveCfg = RelWithDebInfo|x64
		{D1F6411D-A253-3900-963E-4986841CD879}.RelWithDebInfo|x64.Build.0 = RelWithDebInfo|x64
		{8D22DB5A-9A4E-3996-ABF0-C2707CC85F03}.Debug|x64.ActiveCfg = Debug|x64
		{8D22DB5A-9A4E-3996-ABF0-C2707CC85F03}.Debug|x64.Build.0 = Debug|x64
		{8D22DB5A-9A4E-3996-ABF0-C2707CC85F03}.Release|x64.ActiveCfg = Release|x64
		{8D22DB5A-9A4E-3996-ABF0-C2707CC85F03}.Release|x64.Build.0 = Release|x64
		{8D22DB5A-9A4E-3996-ABF0-C2707CC85F03}.MinSizeRel|x64.ActiveCfg = MinSizeRel|x64
		{8D22DB5A-9A4E-3996-ABF0-C2707CC85F03}.MinSizeRel|x64.Build.0 = MinSizeRel|x64
		{8D22DB5A-9A4E-3996-ABF0-C2707CC85F03}.RelWithDebInfo|x64.ActiveCfg = RelWithDebInfo|x64
		{8D22DB5A-9A4E-3996-ABF0-C2707CC85F03}.RelWithDebInfo|x64.Build.0 = RelWithDebInfo|x64
		{A481A4CD-D05D-3726-84AA-AD6F31AAF9B7}.Debug|x64.ActiveCfg = Debug|x64
		{A481A4CD-D05D-3726-84AA-AD6F31AAF9B7}.Debug|x64.Build.0 = Debug|x64
		{A481A4CD-D05D-3726-84AA-AD6F31AAF9B7}.Release|x64.ActiveCfg = Release|x64
		{A481A4CD-D05D-3726-84AA-AD6F31AAF9B7}.Release|x64.Build.0 = Release|x64
		{A481A4CD-D05D-3726-84AA-AD6F31AAF9B7}.MinSizeRel|x64.ActiveCfg = MinSizeRel|x64
		{A481A4CD-D05D-3726-84AA-AD6F31AAF9B7}.MinSizeRel|x64.Build.0 = MinSizeRel|x64
		{A481A4CD-D05D-3726-84AA-AD6F31AAF9B7}.RelWithDebInfo|x64.ActiveCfg = RelWithDebInfo|x64
		{A481A4CD-D05D-3726-84AA-AD6F31AAF9B7}.RelWithDebInfo|x64.Build.0 = RelWithDebInfo|x64
	EndGlobalSection
	GlobalSection(ExtensibilityGlobals) = postSolution
	EndGlobalSection
	GlobalSection(ExtensibilityAddIns) = postSolution
	EndGlobalSection
EndGlobal
