<?xml version="1.0" encoding="UTF-8"?>
<Project ToolsVersion="15.0" xmlns="http://schemas.microsoft.com/developer/msbuild/2003">
  <ItemGroup>
    <ClCompile Include="C:\Users\jamesion\Source\eqemu\tests\cppunit\collectoroutput.cpp">
      <Filter>Source Files</Filter>
    </ClCompile>
    <ClCompile Include="C:\Users\jamesion\Source\eqemu\tests\cppunit\compileroutput.cpp">
      <Filter>Source Files</Filter>
    </ClCompile>
    <ClCompile Include="C:\Users\jamesion\Source\eqemu\tests\cppunit\htmloutput.cpp">
      <Filter>Source Files</Filter>
    </ClCompile>
    <ClCompile Include="C:\Users\jamesion\Source\eqemu\tests\cppunit\missing.cpp">
      <Filter>Source Files</Filter>
    </ClCompile>
    <ClCompile Include="C:\Users\jamesion\Source\eqemu\tests\cppunit\source.cpp">
      <Filter>Source Files</Filter>
    </ClCompile>
    <ClCompile Include="C:\Users\jamesion\Source\eqemu\tests\cppunit\suite.cpp">
      <Filter>Source Files</Filter>
    </ClCompile>
    <ClCompile Include="C:\Users\jamesion\Source\eqemu\tests\cppunit\textoutput.cpp">
      <Filter>Source Files</Filter>
    </ClCompile>
    <ClCompile Include="C:\Users\jamesion\Source\eqemu\tests\cppunit\time.cpp">
      <Filter>Source Files</Filter>
    </ClCompile>
    <ClCompile Include="C:\Users\jamesion\Source\eqemu\tests\cppunit\utils.cpp">
      <Filter>Source Files</Filter>
    </ClCompile>
  </ItemGroup>
  <ItemGroup>
    <ClInclude Include="C:\Users\jamesion\Source\eqemu\tests\cppunit\cpptest-assert.h">
      <Filter>Header Files</Filter>
    </ClInclude>
    <ClInclude Include="C:\Users\jamesion\Source\eqemu\tests\cppunit\cpptest-collectoroutput.h">
      <Filter>Header Files</Filter>
    </ClInclude>
    <ClInclude Include="C:\Users\jamesion\Source\eqemu\tests\cppunit\cpptest-compileroutput.h">
      <Filter>Header Files</Filter>
    </ClInclude>
    <ClInclude Include="C:\Users\jamesion\Source\eqemu\tests\cppunit\cpptest-htmloutput.h">
      <Filter>Header Files</Filter>
    </ClInclude>
    <ClInclude Include="C:\Users\jamesion\Source\eqemu\tests\cppunit\cpptest-output.h">
      <Filter>Header Files</Filter>
    </ClInclude>
    <ClInclude Include="C:\Users\jamesion\Source\eqemu\tests\cppunit\cpptest-source.h">
      <Filter>Header Files</Filter>
    </ClInclude>
    <ClInclude Include="C:\Users\jamesion\Source\eqemu\tests\cppunit\cpptest-suite.h">
      <Filter>Header Files</Filter>
    </ClInclude>
    <ClInclude Include="C:\Users\jamesion\Source\eqemu\tests\cppunit\cpptest-textoutput.h">
      <Filter>Header Files</Filter>
    </ClInclude>
    <ClInclude Include="C:\Users\jamesion\Source\eqemu\tests\cppunit\cpptest-time.h">
      <Filter>Header Files</Filter>
    </ClInclude>
    <ClInclude Include="C:\Users\jamesion\Source\eqemu\tests\cppunit\cpptest.h">
      <Filter>Header Files</Filter>
    </ClInclude>
    <ClInclude Include="C:\Users\jamesion\Source\eqemu\tests\cppunit\missing.h">
      <Filter>Header Files</Filter>
    </ClInclude>
    <ClInclude Include="C:\Users\jamesion\Source\eqemu\tests\cppunit\utils.h">
      <Filter>Header Files</Filter>
    </ClInclude>
    <ClInclude Include="C:\Users\jamesion\Source\eqemu\tests\cppunit\winconfig.h">
      <Filter>Header Files</Filter>
    </ClInclude>
  </ItemGroup>
  <ItemGroup>
    <CustomBuild Include="C:\Users\jamesion\Source\eqemu\tests\cppunit\CMakeLists.txt" />
  </ItemGroup>
  <ItemGroup>
    <Filter Include="Source Files">
      <UniqueIdentifier>{E1EDBBBA-45D7-3164-AD59-92D092EF7D94}</UniqueIdentifier>
    </Filter>
    <Filter Include="Header Files">
      <UniqueIdentifier>{2DF74BBE-4974-32AD-9265-70AE8CA8586E}</UniqueIdentifier>
    </Filter>
  </ItemGroup>
</Project>
