<?xml version="1.0" encoding="UTF-8"?>
<Project ToolsVersion="15.0" xmlns="http://schemas.microsoft.com/developer/msbuild/2003">
  <ItemGroup>
    <CustomBuild Include="C:\Users\jamesion\Source\eqemu\win10x64build\CMakeFiles\b4fd7be1b67ad249acd228cb36de9576\INSTALL_force.rule">
      <Filter>CMake Rules</Filter>
    </CustomBuild>
  </ItemGroup>
  <ItemGroup>
    <Filter Include="CMake Rules">
      <UniqueIdentifier>{19865AF4-943A-3068-898A-9DEE9A24C254}</UniqueIdentifier>
    </Filter>
  </ItemGroup>
</Project>
